// !$*UTF8*$!
{
	archiveVersion = 1;
	classes = {
	};
	objectVersion = 56;
	objects = {

/* Begin PBXBuildFile section */
		BEA38F0A2A7753EF0008EB20 /* TempApp.swift in Sources */ = {isa = PBXBuildFile; fileRef = BEA38F092A7753EF0008EB20 /* TempApp.swift */; };
		BEA38F0C2A7753EF0008EB20 /* Persistence.swift in Sources */ = {isa = PBXBuildFile; fileRef = BEA38F0B2A7753EF0008EB20 /* Persistence.swift */; };
		BEA38F0F2A7753EF0008EB20 /* Temp.xcdatamodeld in Sources */ = {isa = PBXBuildFile; fileRef = BEA38F0D2A7753EF0008EB20 /* Temp.xcdatamodeld */; };
		BEA38F112A7753EF0008EB20 /* ContentView.swift in Sources */ = {isa = PBXBuildFile; fileRef = BEA38F102A7753EF0008EB20 /* ContentView.swift */; };
		BEA38F132A7753F00008EB20 /* Assets.xcassets in Resources */ = {isa = PBXBuildFile; fileRef = BEA38F122A7753F00008EB20 /* Assets.xcassets */; };
		BEA38F172A7753F00008EB20 /* Preview Assets.xcassets in Resources */ = {isa = PBXBuildFile; fileRef = BEA38F162A7753F00008EB20 /* Preview Assets.xcassets */; };
		BEA38F212A7753F00008EB20 /* TempTests.swift in Sources */ = {isa = PBXBuildFile; fileRef = BEA38F202A7753F00008EB20 /* TempTests.swift */; };
		BEA38F2B2A7753F00008EB20 /* TempUITests.swift in Sources */ = {isa = PBXBuildFile; fileRef = BEA38F2A2A7753F00008EB20 /* TempUITests.swift */; };
		BEA38F2D2A7753F00008EB20 /* TempUITestsLaunchTests.swift in Sources */ = {isa = PBXBuildFile; fileRef = BEA38F2C2A7753F00008EB20 /* TempUITestsLaunchTests.swift */; };
/* End PBXBuildFile section */

/* Begin PBXContainerItemProxy section */
		BEA38F1D2A7753F00008EB20 /* PBXContainerItemProxy */ = {
			isa = PBXContainerItemProxy;
			containerPortal = BEA38EFE2A7753EF0008EB20 /* Project object */;
			proxyType = 1;
			remoteGlobalIDString = BEA38F052A7753EF0008EB20;
			remoteInfo = Temp;
		};
		BEA38F272A7753F00008EB20 /* PBXContainerItemProxy */ = {
			isa = PBXContainerItemProxy;
			containerPortal = BEA38EFE2A7753EF0008EB20 /* Project object */;
			proxyType = 1;
			remoteGlobalIDString = BEA38F052A7753EF0008EB20;
			remoteInfo = Temp;
		};
/* End PBXContainerItemProxy section */

/* Begin PBXFileReference section */
		BEA38F062A7753EF0008EB20 /* Temp.app */ = {isa = PBXFileReference; explicitFileType = wrapper.application; includeInIndex = 0; path = Temp.app; sourceTree = BUILT_PRODUCTS_DIR; };
		BEA38F092A7753EF0008EB20 /* TempApp.swift */ = {isa = PBXFileReference; lastKnownFileType = sourcecode.swift; path = TempApp.swift; sourceTree = "<group>"; };
		BEA38F0B2A7753EF0008EB20 /* Persistence.swift */ = {isa = PBXFileReference; lastKnownFileType = sourcecode.swift; path = Persistence.swift; sourceTree = "<group>"; };
		BEA38F0E2A7753EF0008EB20 /* Temp.xcdatamodel */ = {isa = PBXFileReference; lastKnownFileType = wrapper.xcdatamodel; path = Temp.xcdatamodel; sourceTree = "<group>"; };
		BEA38F102A7753EF0008EB20 /* ContentView.swift */ = {isa = PBXFileReference; lastKnownFileType = sourcecode.swift; path = ContentView.swift; sourceTree = "<group>"; };
		BEA38F122A7753F00008EB20 /* Assets.xcassets */ = {isa = PBXFileReference; lastKnownFileType = folder.assetcatalog; path = Assets.xcassets; sourceTree = "<group>"; };
		BEA38F142A7753F00008EB20 /* Temp.entitlements */ = {isa = PBXFileReference; lastKnownFileType = text.plist.entitlements; path = Temp.entitlements; sourceTree = "<group>"; };
		BEA38F162A7753F00008EB20 /* Preview Assets.xcassets */ = {isa = PBXFileReference; lastKnownFileType = folder.assetcatalog; path = "Preview Assets.xcassets"; sourceTree = "<group>"; };
		BEA38F1C2A7753F00008EB20 /* TempTests.xctest */ = {isa = PBXFileReference; explicitFileType = wrapper.cfbundle; includeInIndex = 0; path = TempTests.xctest; sourceTree = BUILT_PRODUCTS_DIR; };
		BEA38F202A7753F00008EB20 /* TempTests.swift */ = {isa = PBXFileReference; lastKnownFileType = sourcecode.swift; path = TempTests.swift; sourceTree = "<group>"; };
		BEA38F262A7753F00008EB20 /* TempUITests.xctest */ = {isa = PBXFileReference; explicitFileType = wrapper.cfbundle; includeInIndex = 0; path = TempUITests.xctest; sourceTree = BUILT_PRODUCTS_DIR; };
		BEA38F2A2A7753F00008EB20 /* TempUITests.swift */ = {isa = PBXFileReference; lastKnownFileType = sourcecode.swift; path = TempUITests.swift; sourceTree = "<group>"; };
		BEA38F2C2A7753F00008EB20 /* TempUITestsLaunchTests.swift */ = {isa = PBXFileReference; lastKnownFileType = sourcecode.swift; path = TempUITestsLaunchTests.swift; sourceTree = "<group>"; };
/* End PBXFileReference section */

/* Begin PBXFrameworksBuildPhase section */
		BEA38F032A7753EF0008EB20 /* Frameworks */ = {
			isa = PBXFrameworksBuildPhase;
			buildActionMask = 2147483647;
			files = (
			);
			runOnlyForDeploymentPostprocessing = 0;
		};
		BEA38F192A7753F00008EB20 /* Frameworks */ = {
			isa = PBXFrameworksBuildPhase;
			buildActionMask = 2147483647;
			files = (
			);
			runOnlyForDeploymentPostprocessing = 0;
		};
		BEA38F232A7753F00008EB20 /* Frameworks */ = {
			isa = PBXFrameworksBuildPhase;
			buildActionMask = 2147483647;
			files = (
			);
			runOnlyForDeploymentPostprocessing = 0;
		};
/* End PBXFrameworksBuildPhase section */

/* Begin PBXGroup section */
		BEA38EFD2A7753EF0008EB20 = {
			isa = PBXGroup;
			children = (
				BEA38F082A7753EF0008EB20 /* Temp */,
				BEA38F1F2A7753F00008EB20 /* TempTests */,
				BEA38F292A7753F00008EB20 /* TempUITests */,
				BEA38F072A7753EF0008EB20 /* Products */,
			);
			sourceTree = "<group>";
		};
		BEA38F072A7753EF0008EB20 /* Products */ = {
			isa = PBXGroup;
			children = (
				BEA38F062A7753EF0008EB20 /* Temp.app */,
				BEA38F1C2A7753F00008EB20 /* TempTests.xctest */,
				BEA38F262A7753F00008EB20 /* TempUITests.xctest */,
			);
			name = Products;
			sourceTree = "<group>";
		};
		BEA38F082A7753EF0008EB20 /* Temp */ = {
			isa = PBXGroup;
			children = (
				BEA38F092A7753EF0008EB20 /* TempApp.swift */,
				BEA38F0B2A7753EF0008EB20 /* Persistence.swift */,
				BEA38F102A7753EF0008EB20 /* ContentView.swift */,
				BEA38F122A7753F00008EB20 /* Assets.xcassets */,
				BEA38F142A7753F00008EB20 /* Temp.entitlements */,
				BEA38F0D2A7753EF0008EB20 /* Temp.xcdatamodeld */,
				BEA38F152A7753F00008EB20 /* Preview Content */,
			);
			path = Temp;
			sourceTree = "<group>";
		};
		BEA38F152A7753F00008EB20 /* Preview Content */ = {
			isa = PBXGroup;
			children = (
				BEA38F162A7753F00008EB20 /* Preview Assets.xcassets */,
			);
			path = "Preview Content";
			sourceTree = "<group>";
		};
		BEA38F1F2A7753F00008EB20 /* TempTests */ = {
			isa = PBXGroup;
			children = (
				BEA38F202A7753F00008EB20 /* TempTests.swift */,
			);
			path = TempTests;
			sourceTree = "<group>";
		};
		BEA38F292A7753F00008EB20 /* TempUITests */ = {
			isa = PBXGroup;
			children = (
				BEA38F2A2A7753F00008EB20 /* TempUITests.swift */,
				BEA38F2C2A7753F00008EB20 /* TempUITestsLaunchTests.swift */,
			);
			path = TempUITests;
			sourceTree = "<group>";
		};
/* End PBXGroup section */

/* Begin PBXNativeTarget section */
		BEA38F052A7753EF0008EB20 /* Temp */ = {
			isa = PBXNativeTarget;
			buildConfigurationList = BEA38F302A7753F00008EB20 /* Build configuration list for PBXNativeTarget "Temp" */;
			buildPhases = (
				BEA38F022A7753EF0008EB20 /* Sources */,
				BEA38F032A7753EF0008EB20 /* Frameworks */,
				BEA38F042A7753EF0008EB20 /* Resources */,
			);
			buildRules = (
			);
			dependencies = (
			);
			name = Temp;
			productName = Temp;
			productReference = BEA38F062A7753EF0008EB20 /* Temp.app */;
			productType = "com.apple.product-type.application";
		};
		BEA38F1B2A7753F00008EB20 /* TempTests */ = {
			isa = PBXNativeTarget;
			buildConfigurationList = BEA38F332A7753F00008EB20 /* Build configuration list for PBXNativeTarget "TempTests" */;
			buildPhases = (
				BEA38F182A7753F00008EB20 /* Sources */,
				BEA38F192A7753F00008EB20 /* Frameworks */,
				BEA38F1A2A7753F00008EB20 /* Resources */,
			);
			buildRules = (
			);
			dependencies = (
				BEA38F1E2A7753F00008EB20 /* PBXTargetDependency */,
			);
			name = TempTests;
			productName = TempTests;
			productReference = BEA38F1C2A7753F00008EB20 /* TempTests.xctest */;
			productType = "com.apple.product-type.bundle.unit-test";
		};
		BEA38F252A7753F00008EB20 /* TempUITests */ = {
			isa = PBXNativeTarget;
			buildConfigurationList = BEA38F362A7753F00008EB20 /* Build configuration list for PBXNativeTarget "TempUITests" */;
			buildPhases = (
				BEA38F222A7753F00008EB20 /* Sources */,
				BEA38F232A7753F00008EB20 /* Frameworks */,
				BEA38F242A7753F00008EB20 /* Resources */,
			);
			buildRules = (
			);
			dependencies = (
				BEA38F282A7753F00008EB20 /* PBXTargetDependency */,
			);
			name = TempUITests;
			productName = TempUITests;
			productReference = BEA38F262A7753F00008EB20 /* TempUITests.xctest */;
			productType = "com.apple.product-type.bundle.ui-testing";
		};
/* End PBXNativeTarget section */

/* Begin PBXProject section */
		BEA38EFE2A7753EF0008EB20 /* Project object */ = {
			isa = PBXProject;
			attributes = {
				BuildIndependentTargetsInParallel = 1;
				LastSwiftUpdateCheck = 1430;
				LastUpgradeCheck = 1430;
				TargetAttributes = {
					BEA38F052A7753EF0008EB20 = {
						CreatedOnToolsVersion = 14.3.1;
					};
					BEA38F1B2A7753F00008EB20 = {
						CreatedOnToolsVersion = 14.3.1;
						TestTargetID = BEA38F052A7753EF0008EB20;
					};
					BEA38F252A7753F00008EB20 = {
						CreatedOnToolsVersion = 14.3.1;
						TestTargetID = BEA38F052A7753EF0008EB20;
					};
				};
			};
			buildConfigurationList = BEA38F012A7753EF0008EB20 /* Build configuration list for PBXProject "Temp" */;
			compatibilityVersion = "Xcode 14.0";
			developmentRegion = en;
			hasScannedForEncodings = 0;
			knownRegions = (
				en,
				Base,
			);
			mainGroup = BEA38EFD2A7753EF0008EB20;
			productRefGroup = BEA38F072A7753EF0008EB20 /* Products */;
			projectDirPath = "";
			projectRoot = "";
			targets = (
				BEA38F052A7753EF0008EB20 /* Temp */,
				BEA38F1B2A7753F00008EB20 /* TempTests */,
				BEA38F252A7753F00008EB20 /* TempUITests */,
			);
		};
/* End PBXProject section */

/* Begin PBXResourcesBuildPhase section */
		BEA38F042A7753EF0008EB20 /* Resources */ = {
			isa = PBXResourcesBuildPhase;
			buildActionMask = 2147483647;
			files = (
				BEA38F172A7753F00008EB20 /* Preview Assets.xcassets in Resources */,
				BEA38F132A7753F00008EB20 /* Assets.xcassets in Resources */,
			);
			runOnlyForDeploymentPostprocessing = 0;
		};
		BEA38F1A2A7753F00008EB20 /* Resources */ = {
			isa = PBXResourcesBuildPhase;
			buildActionMask = 2147483647;
			files = (
			);
			runOnlyForDeploymentPostprocessing = 0;
		};
		BEA38F242A7753F00008EB20 /* Resources */ = {
			isa = PBXResourcesBuildPhase;
			buildActionMask = 2147483647;
			files = (
			);
			runOnlyForDeploymentPostprocessing = 0;
		};
/* End PBXResourcesBuildPhase section */

/* Begin PBXSourcesBuildPhase section */
		BEA38F022A7753EF0008EB20 /* Sources */ = {
			isa = PBXSourcesBuildPhase;
			buildActionMask = 2147483647;
			files = (
				BEA38F0A2A7753EF0008EB20 /* TempApp.swift in Sources */,
				BEA38F0F2A7753EF0008EB20 /* Temp.xcdatamodeld in Sources */,
				BEA38F112A7753EF0008EB20 /* ContentView.swift in Sources */,
				BEA38F0C2A7753EF0008EB20 /* Persistence.swift in Sources */,
			);
			runOnlyForDeploymentPostprocessing = 0;
		};
		BEA38F182A7753F00008EB20 /* Sources */ = {
			isa = PBXSourcesBuildPhase;
			buildActionMask = 2147483647;
			files = (
				BEA38F212A7753F00008EB20 /* TempTests.swift in Sources */,
			);
			runOnlyForDeploymentPostprocessing = 0;
		};
		BEA38F222A7753F00008EB20 /* Sources */ = {
			isa = PBXSourcesBuildPhase;
			buildActionMask = 2147483647;
			files = (
				BEA38F2D2A7753F00008EB20 /* TempUITestsLaunchTests.swift in Sources */,
				BEA38F2B2A7753F00008EB20 /* TempUITests.swift in Sources */,
			);
			runOnlyForDeploymentPostprocessing = 0;
		};
/* End PBXSourcesBuildPhase section */

/* Begin PBXTargetDependency section */
		BEA38F1E2A7753F00008EB20 /* PBXTargetDependency */ = {
			isa = PBXTargetDependency;
			target = BEA38F052A7753EF0008EB20 /* Temp */;
			targetProxy = BEA38F1D2A7753F00008EB20 /* PBXContainerItemProxy */;
		};
		BEA38F282A7753F00008EB20 /* PBXTargetDependency */ = {
			isa = PBXTargetDependency;
			target = BEA38F052A7753EF0008EB20 /* Temp */;
			targetProxy = BEA38F272A7753F00008EB20 /* PBXContainerItemProxy */;
		};
/* End PBXTargetDependency section */

/* Begin XCBuildConfiguration section */
		BEA38F2E2A7753F00008EB20 /* Debug */ = {
			isa = XCBuildConfiguration;
			buildSettings = {
				ALWAYS_SEARCH_USER_PATHS = NO;
				CLANG_ANALYZER_NONNULL = YES;
				CLANG_ANALYZER_NUMBER_OBJECT_CONVERSION = YES_AGGRESSIVE;
				CLANG_CXX_LANGUAGE_STANDARD = "gnu++20";
				CLANG_ENABLE_MODULES = YES;
				CLANG_ENABLE_OBJC_ARC = YES;
				CLANG_ENABLE_OBJC_WEAK = YES;
				CLANG_WARN_BLOCK_CAPTURE_AUTORELEASING = YES;
				CLANG_WARN_BOOL_CONVERSION = YES;
				CLANG_WARN_COMMA = YES;
				CLANG_WARN_CONSTANT_CONVERSION = YES;
				CLANG_WARN_DEPRECATED_OBJC_IMPLEMENTATIONS = YES;
				CLANG_WARN_DIRECT_OBJC_ISA_USAGE = YES_ERROR;
				CLANG_WARN_DOCUMENTATION_COMMENTS = YES;
				CLANG_WARN_EMPTY_BODY = YES;
				CLANG_WARN_ENUM_CONVERSION = YES;
				CLANG_WARN_INFINITE_RECURSION = YES;
				CLANG_WARN_INT_CONVERSION = YES;
				CLANG_WARN_NON_LITERAL_NULL_CONVERSION = YES;
				CLANG_WARN_OBJC_IMPLICIT_RETAIN_SELF = YES;
				CLANG_WARN_OBJC_LITERAL_CONVERSION = YES;
				CLANG_WARN_OBJC_ROOT_CLASS = YES_ERROR;
				CLANG_WARN_QUOTED_INCLUDE_IN_FRAMEWORK_HEADER = YES;
				CLANG_WARN_RANGE_LOOP_ANALYSIS = YES;
				CLANG_WARN_STRICT_PROTOTYPES = YES;
				CLANG_WARN_SUSPICIOUS_MOVE = YES;
				CLANG_WARN_UNGUARDED_AVAILABILITY = YES_AGGRESSIVE;
				CLANG_WARN_UNREACHABLE_CODE = YES;
				CLANG_WARN__DUPLICATE_METHOD_MATCH = YES;
				COPY_PHASE_STRIP = NO;
				DEBUG_INFORMATION_FORMAT = dwarf;
				ENABLE_STRICT_OBJC_MSGSEND = YES;
				ENABLE_TESTABILITY = YES;
				GCC_C_LANGUAGE_STANDARD = gnu11;
				GCC_DYNAMIC_NO_PIC = NO;
				GCC_NO_COMMON_BLOCKS = YES;
				GCC_OPTIMIZATION_LEVEL = 0;
				GCC_PREPROCESSOR_DEFINITIONS = (
					"DEBUG=1",
					"$(inherited)",
				);
				GCC_WARN_64_TO_32_BIT_CONVERSION = YES;
				GCC_WARN_ABOUT_RETURN_TYPE = YES_ERROR;
				GCC_WARN_UNDECLARED_SELECTOR = YES;
				GCC_WARN_UNINITIALIZED_AUTOS = YES_AGGRESSIVE;
				GCC_WARN_UNUSED_FUNCTION = YES;
				GCC_WARN_UNUSED_VARIABLE = YES;
				MTL_ENABLE_DEBUG_INFO = INCLUDE_SOURCE;
				MTL_FAST_MATH = YES;
				ONLY_ACTIVE_ARCH = YES;
				SWIFT_ACTIVE_COMPILATION_CONDITIONS = DEBUG;
				SWIFT_OPTIMIZATION_LEVEL = "-Onone";
			};
			name = Debug;
		};
		BEA38F2F2A7753F00008EB20 /* Release */ = {
			isa = XCBuildConfiguration;
			buildSettings = {
				ALWAYS_SEARCH_USER_PATHS = NO;
				CLANG_ANALYZER_NONNULL = YES;
				CLANG_ANALYZER_NUMBER_OBJECT_CONVERSION = YES_AGGRESSIVE;
				CLANG_CXX_LANGUAGE_STANDARD = "gnu++20";
				CLANG_ENABLE_MODULES = YES;
				CLANG_ENABLE_OBJC_ARC = YES;
				CLANG_ENABLE_OBJC_WEAK = YES;
				CLANG_WARN_BLOCK_CAPTURE_AUTORELEASING = YES;
				CLANG_WARN_BOOL_CONVERSION = YES;
				CLANG_WARN_COMMA = YES;
				CLANG_WARN_CONSTANT_CONVERSION = YES;
				CLANG_WARN_DEPRECATED_OBJC_IMPLEMENTATIONS = YES;
				CLANG_WARN_DIRECT_OBJC_ISA_USAGE = YES_ERROR;
				CLANG_WARN_DOCUMENTATION_COMMENTS = YES;
				CLANG_WARN_EMPTY_BODY = YES;
				CLANG_WARN_ENUM_CONVERSION = YES;
				CLANG_WARN_INFINITE_RECURSION = YES;
				CLANG_WARN_INT_CONVERSION = YES;
				CLANG_WARN_NON_LITERAL_NULL_CONVERSION = YES;
				CLANG_WARN_OBJC_IMPLICIT_RETAIN_SELF = YES;
				CLANG_WARN_OBJC_LITERAL_CONVERSION = YES;
				CLANG_WARN_OBJC_ROOT_CLASS = YES_ERROR;
				CLANG_WARN_QUOTED_INCLUDE_IN_FRAMEWORK_HEADER = YES;
				CLANG_WARN_RANGE_LOOP_ANALYSIS = YES;
				CLANG_WARN_STRICT_PROTOTYPES = YES;
				CLANG_WARN_SUSPICIOUS_MOVE = YES;
				CLANG_WARN_UNGUARDED_AVAILABILITY = YES_AGGRESSIVE;
				CLANG_WARN_UNREACHABLE_CODE = YES;
				CLANG_WARN__DUPLICATE_METHOD_MATCH = YES;
				COPY_PHASE_STRIP = NO;
				DEBUG_INFORMATION_FORMAT = "dwarf-with-dsym";
				ENABLE_NS_ASSERTIONS = NO;
				ENABLE_STRICT_OBJC_MSGSEND = YES;
				GCC_C_LANGUAGE_STANDARD = gnu11;
				GCC_NO_COMMON_BLOCKS = YES;
				GCC_WARN_64_TO_32_BIT_CONVERSION = YES;
				GCC_WARN_ABOUT_RETURN_TYPE = YES_ERROR;
				GCC_WARN_UNDECLARED_SELECTOR = YES;
				GCC_WARN_UNINITIALIZED_AUTOS = YES_AGGRESSIVE;
				GCC_WARN_UNUSED_FUNCTION = YES;
				GCC_WARN_UNUSED_VARIABLE = YES;
				MTL_ENABLE_DEBUG_INFO = NO;
				MTL_FAST_MATH = YES;
				SWIFT_COMPILATION_MODE = wholemodule;
				SWIFT_OPTIMIZATION_LEVEL = "-O";
			};
			name = Release;
		};
		BEA38F312A7753F00008EB20 /* Debug */ = {
			isa = XCBuildConfiguration;
			buildSettings = {
				ASSETCATALOG_COMPILER_APPICON_NAME = AppIcon;
				ASSETCATALOG_COMPILER_GLOBAL_ACCENT_COLOR_NAME = AccentColor;
				CODE_SIGN_ENTITLEMENTS = Temp/Temp.entitlements;
				CODE_SIGN_STYLE = Automatic;
				CURRENT_PROJECT_VERSION = 1;
				DEVELOPMENT_ASSET_PATHS = "\"Temp/Preview Content\"";
				DEVELOPMENT_TEAM = 8G6UY8DWC4;
				ENABLE_HARDENED_RUNTIME = YES;
				ENABLE_PREVIEWS = YES;
				GENERATE_INFOPLIST_FILE = YES;
				"INFOPLIST_KEY_UIApplicationSceneManifest_Generation[sdk=iphoneos*]" = YES;
				"INFOPLIST_KEY_UIApplicationSceneManifest_Generation[sdk=iphonesimulator*]" = YES;
				"INFOPLIST_KEY_UIApplicationSupportsIndirectInputEvents[sdk=iphoneos*]" = YES;
				"INFOPLIST_KEY_UIApplicationSupportsIndirectInputEvents[sdk=iphonesimulator*]" = YES;
				"INFOPLIST_KEY_UILaunchScreen_Generation[sdk=iphoneos*]" = YES;
				"INFOPLIST_KEY_UILaunchScreen_Generation[sdk=iphonesimulator*]" = YES;
				"INFOPLIST_KEY_UIStatusBarStyle[sdk=iphoneos*]" = UIStatusBarStyleDefault;
				"INFOPLIST_KEY_UIStatusBarStyle[sdk=iphonesimulator*]" = UIStatusBarStyleDefault;
				INFOPLIST_KEY_UISupportedInterfaceOrientations_iPad = "UIInterfaceOrientationPortrait UIInterfaceOrientationPortraitUpsideDown UIInterfaceOrientationLandscapeLeft UIInterfaceOrientationLandscapeRight";
				INFOPLIST_KEY_UISupportedInterfaceOrientations_iPhone = "UIInterfaceOrientationPortrait UIInterfaceOrientationLandscapeLeft UIInterfaceOrientationLandscapeRight";
				IPHONEOS_DEPLOYMENT_TARGET = 16.4;
				LD_RUNPATH_SEARCH_PATHS = "@executable_path/Frameworks";
				"LD_RUNPATH_SEARCH_PATHS[sdk=macosx*]" = "@executable_path/../Frameworks";
				MACOSX_DEPLOYMENT_TARGET = 13.3;
				MARKETING_VERSION = 1.0;
				PRODUCT_BUNDLE_IDENTIFIER = yuh.Temp;
				PRODUCT_NAME = "$(TARGET_NAME)";
				SDKROOT = auto;
				SUPPORTED_PLATFORMS = "iphoneos iphonesimulator macosx";
				SWIFT_EMIT_LOC_STRINGS = YES;
				SWIFT_VERSION = 5.0;
				TARGETED_DEVICE_FAMILY = "1,2";
			};
			name = Debug;
		};
		BEA38F322A7753F00008EB20 /* Release */ = {
			isa = XCBuildConfiguration;
			buildSettings = {
				ASSETCATALOG_COMPILER_APPICON_NAME = AppIcon;
				ASSETCATALOG_COMPILER_GLOBAL_ACCENT_COLOR_NAME = AccentColor;
				CODE_SIGN_ENTITLEMENTS = Temp/Temp.entitlements;
				CODE_SIGN_STYLE = Automatic;
				CURRENT_PROJECT_VERSION = 1;
				DEVELOPMENT_ASSET_PATHS = "\"Temp/Preview Content\"";
				DEVELOPMENT_TEAM = 8G6UY8DWC4;
				ENABLE_HARDENED_RUNTIME = YES;
				ENABLE_PREVIEWS = YES;
				GENERATE_INFOPLIST_FILE = YES;
				"INFOPLIST_KEY_UIApplicationSceneManifest_Generation[sdk=iphoneos*]" = YES;
				"INFOPLIST_KEY_UIApplicationSceneManifest_Generation[sdk=iphonesimulator*]" = YES;
				"INFOPLIST_KEY_UIApplicationSupportsIndirectInputEvents[sdk=iphoneos*]" = YES;
				"INFOPLIST_KEY_UIApplicationSupportsIndirectInputEvents[sdk=iphonesimulator*]" = YES;
				"INFOPLIST_KEY_UILaunchScreen_Generation[sdk=iphoneos*]" = YES;
				"INFOPLIST_KEY_UILaunchScreen_Generation[sdk=iphonesimulator*]" = YES;
				"INFOPLIST_KEY_UIStatusBarStyle[sdk=iphoneos*]" = UIStatusBarStyleDefault;
				"INFOPLIST_KEY_UIStatusBarStyle[sdk=iphonesimulator*]" = UIStatusBarStyleDefault;
				INFOPLIST_KEY_UISupportedInterfaceOrientations_iPad = "UIInterfaceOrientationPortrait UIInterfaceOrientationPortraitUpsideDown UIInterfaceOrientationLandscapeLeft UIInterfaceOrientationLandscapeRight";
				INFOPLIST_KEY_UISupportedInterfaceOrientations_iPhone = "UIInterfaceOrientationPortrait UIInterfaceOrientationLandscapeLeft UIInterfaceOrientationLandscapeRight";
				IPHONEOS_DEPLOYMENT_TARGET = 16.4;
				LD_RUNPATH_SEARCH_PATHS = "@executable_path/Frameworks";
				"LD_RUNPATH_SEARCH_PATHS[sdk=macosx*]" = "@executable_path/../Frameworks";
				MACOSX_DEPLOYMENT_TARGET = 13.3;
				MARKETING_VERSION = 1.0;
				PRODUCT_BUNDLE_IDENTIFIER = yuh.Temp;
				PRODUCT_NAME = "$(TARGET_NAME)";
				SDKROOT = auto;
				SUPPORTED_PLATFORMS = "iphoneos iphonesimulator macosx";
				SWIFT_EMIT_LOC_STRINGS = YES;
				SWIFT_VERSION = 5.0;
				TARGETED_DEVICE_FAMILY = "1,2";
			};
			name = Release;
		};
		BEA38F342A7753F00008EB20 /* Debug */ = {
			isa = XCBuildConfiguration;
			buildSettings = {
				ALWAYS_EMBED_SWIFT_STANDARD_LIBRARIES = YES;
				BUNDLE_LOADER = "$(TEST_HOST)";
				CODE_SIGN_STYLE = Automatic;
				CURRENT_PROJECT_VERSION = 1;
				DEVELOPMENT_TEAM = 8G6UY8DWC4;
				GENERATE_INFOPLIST_FILE = YES;
				IPHONEOS_DEPLOYMENT_TARGET = 16.4;
				MACOSX_DEPLOYMENT_TARGET = 13.3;
				MARKETING_VERSION = 1.0;
				PRODUCT_BUNDLE_IDENTIFIER = yuh.TempTests;
				PRODUCT_NAME = "$(TARGET_NAME)";
				SDKROOT = auto;
				SUPPORTED_PLATFORMS = "iphoneos iphonesimulator macosx";
				SWIFT_EMIT_LOC_STRINGS = NO;
				SWIFT_VERSION = 5.0;
				TARGETED_DEVICE_FAMILY = "1,2";
				TEST_HOST = "$(BUILT_PRODUCTS_DIR)/Temp.app/$(BUNDLE_EXECUTABLE_FOLDER_PATH)/Temp";
			};
			name = Debug;
		};
		BEA38F352A7753F00008EB20 /* Release */ = {
			isa = XCBuildConfiguration;
			buildSettings = {
				ALWAYS_EMBED_SWIFT_STANDARD_LIBRARIES = YES;
				BUNDLE_LOADER = "$(TEST_HOST)";
				CODE_SIGN_STYLE = Automatic;
				CURRENT_PROJECT_VERSION = 1;
				DEVELOPMENT_TEAM = 8G6UY8DWC4;
				GENERATE_INFOPLIST_FILE = YES;
				IPHONEOS_DEPLOYMENT_TARGET = 16.4;
				MACOSX_DEPLOYMENT_TARGET = 13.3;
				MARKETING_VERSION = 1.0;
				PRODUCT_BUNDLE_IDENTIFIER = yuh.TempTests;
				PRODUCT_NAME = "$(TARGET_NAME)";
				SDKROOT = auto;
				SUPPORTED_PLATFORMS = "iphoneos iphonesimulator macosx";
				SWIFT_EMIT_LOC_STRINGS = NO;
				SWIFT_VERSION = 5.0;
				TARGETED_DEVICE_FAMILY = "1,2";
				TEST_HOST = "$(BUILT_PRODUCTS_DIR)/Temp.app/$(BUNDLE_EXECUTABLE_FOLDER_PATH)/Temp";
			};
			name = Release;
		};
		BEA38F372A7753F00008EB20 /* Debug */ = {
			isa = XCBuildConfiguration;
			buildSettings = {
				ALWAYS_EMBED_SWIFT_STANDARD_LIBRARIES = YES;
				CODE_SIGN_STYLE = Automatic;
				CURRENT_PROJECT_VERSION = 1;
				DEVELOPMENT_TEAM = 8G6UY8DWC4;
				GENERATE_INFOPLIST_FILE = YES;
				IPHONEOS_DEPLOYMENT_TARGET = 16.4;
				MACOSX_DEPLOYMENT_TARGET = 13.3;
				MARKETING_VERSION = 1.0;
				PRODUCT_BUNDLE_IDENTIFIER = yuh.TempUITests;
				PRODUCT_NAME = "$(TARGET_NAME)";
				SDKROOT = auto;
				SUPPORTED_PLATFORMS = "iphoneos iphonesimulator macosx";
				SWIFT_EMIT_LOC_STRINGS = NO;
				SWIFT_VERSION = 5.0;
				TARGETED_DEVICE_FAMILY = "1,2";
				TEST_TARGET_NAME = Temp;
			};
			name = Debug;
		};
		BEA38F382A7753F00008EB20 /* Release */ = {
			isa = XCBuildConfiguration;
			buildSettings = {
				ALWAYS_EMBED_SWIFT_STANDARD_LIBRARIES = YES;
				CODE_SIGN_STYLE = Automatic;
				CURRENT_PROJECT_VERSION = 1;
				DEVELOPMENT_TEAM = 8G6UY8DWC4;
				GENERATE_INFOPLIST_FILE = YES;
				IPHONEOS_DEPLOYMENT_TARGET = 16.4;
				MACOSX_DEPLOYMENT_TARGET = 13.3;
				MARKETING_VERSION = 1.0;
				PRODUCT_BUNDLE_IDENTIFIER = yuh.TempUITests;
				PRODUCT_NAME = "$(TARGET_NAME)";
				SDKROOT = auto;
				SUPPORTED_PLATFORMS = "iphoneos iphonesimulator macosx";
				SWIFT_EMIT_LOC_STRINGS = NO;
				SWIFT_VERSION = 5.0;
				TARGETED_DEVICE_FAMILY = "1,2";
				TEST_TARGET_NAME = Temp;
			};
			name = Release;
		};
/* End XCBuildConfiguration section */

/* Begin XCConfigurationList section */
		BEA38F012A7753EF0008EB20 /* Build configuration list for PBXProject "Temp" */ = {
			isa = XCConfigurationList;
			buildConfigurations = (
				BEA38F2E2A7753F00008EB20 /* Debug */,
				BEA38F2F2A7753F00008EB20 /* Release */,
			);
			defaultConfigurationIsVisible = 0;
			defaultConfigurationName = Release;
		};
		BEA38F302A7753F00008EB20 /* Build configuration list for PBXNativeTarget "Temp" */ = {
			isa = XCConfigurationList;
			buildConfigurations = (
				BEA38F312A7753F00008EB20 /* Debug */,
				BEA38F322A7753F00008EB20 /* Release */,
			);
			defaultConfigurationIsVisible = 0;
			defaultConfigurationName = Release;
		};
		BEA38F332A7753F00008EB20 /* Build configuration list for PBXNativeTarget "TempTests" */ = {
			isa = XCConfigurationList;
			buildConfigurations = (
				BEA38F342A7753F00008EB20 /* Debug */,
				BEA38F352A7753F00008EB20 /* Release */,
			);
			defaultConfigurationIsVisible = 0;
			defaultConfigurationName = Release;
		};
		BEA38F362A7753F00008EB20 /* Build configuration list for PBXNativeTarget "TempUITests" */ = {
			isa = XCConfigurationList;
			buildConfigurations = (
				BEA38F372A7753F00008EB20 /* Debug */,
				BEA38F382A7753F00008EB20 /* Release */,
			);
			defaultConfigurationIsVisible = 0;
			defaultConfigurationName = Release;
		};
/* End XCConfigurationList section */

/* Begin XCVersionGroup section */
		BEA38F0D2A7753EF0008EB20 /* Temp.xcdatamodeld */ = {
			isa = XCVersionGroup;
			children = (
				BEA38F0E2A7753EF0008EB20 /* Temp.xcdatamodel */,
			);
			currentVersion = BEA38F0E2A7753EF0008EB20 /* Temp.xcdatamodel */;
			path = Temp.xcdatamodeld;
			sourceTree = "<group>";
			versionGroupType = wrapper.xcdatamodel;
		};
/* End XCVersionGroup section */
	};
	rootObject = BEA38EFE2A7753EF0008EB20 /* Project object */;
}
